
Microsoft Visual Studio Solution File, Format Version 12.00
# Visual Studio 15
VisualStudioVersion = 15.0.27004.2005
MinimumVisualStudioVersion = 10.0.40219.1
Project("{FAE04EC0-301F-11D3-BF4B-00C04F79EFBC}") = "Parallel-Download", "Parallel-Download.csproj", "{DD079E82-7C27-4254-A500-71EECDCEE547}"
EndProject
Global
	GlobalSection(SolutionConfigurationPlatforms) = preSolution
		Debug|Any CPU = Debug|Any CPU
		Release|Any CPU = Release|Any CPU
	EndGlobalSection
	GlobalSection(ProjectConfigurationPlatforms) = postSolution
		{DD079E82-7C27-4254-A500-71EECDCEE547}.Debug|Any CPU.ActiveCfg = Debug|Any CPU
		{DD079E82-7C27-4254-A500-71EECDCEE547}.Debug|Any CPU.Build.0 = Debug|Any CPU
		{DD079E82-7C27-4254-A500-71EECDCEE547}.Release|Any CPU.ActiveCfg = Release|Any CPU
		{DD079E82-7C27-4254-A500-71EECDCEE547}.Release|Any CPU.Build.0 = Release|Any CPU
	EndGlobalSection
	GlobalSection(SolutionProperties) = preSolution
		HideSolutionNode = FALSE
	EndGlobalSection
	GlobalSection(ExtensibilityGlobals) = postSolution
		SolutionGuid = {54C0CC44-DFF9-4237-A4ED-44E570F944A0}
	EndGlobalSection
EndGlobal
